{
  "name": "generative-geometry",
  "requires": true,
  "lockfileVersion": 1,
  "dependencies": {
    "balanced-match": {
      "version": "1.0.2",
      "resolved": "https://registry.npmjs.org/balanced-match/-/balanced-match-1.0.2.tgz",
      "integrity": "sha512-3oSeUO0TMV67hN1AmbXsK4yaqU7tjiHlbxRDZOpH0KW9+CeX4bRAaX0Anxt0tx2MrpRpWwQaPwIlISEJhYU5Pw=="
    },
    "bit-twiddle": {
      "version": "0.0.2",
      "resolved": "https://registry.npmjs.org/bit-twiddle/-/bit-twiddle-0.0.2.tgz",
      "integrity": "sha512-76iFAOrkcuw5UPA30Pt32XaytMHXz/04JembgIwsQAp7ImHYSWNq1shBbrlWf6CUvh1+amQ81LI8hNhqQgsBEw=="
    },
    "brace-expansion": {
      "version": "1.1.11",
      "resolved": "https://registry.npmjs.org/brace-expansion/-/brace-expansion-1.1.11.tgz",
      "integrity": "sha512-iCuPHDFgrHX7H2vEI/5xpz07zSHB00TpugqhmYtVmMO6518mCuRMoOYFldEBl0g187ufozdaHgWKcYFb61qGiA==",
      "requires": {
        "balanced-match": "^1.0.0",
        "concat-map": "0.0.1"
      }
    },
    "bunny": {
      "version": "1.0.1",
      "resolved": "https://registry.npmjs.org/bunny/-/bunny-1.0.1.tgz",
      "integrity": "sha512-KsMt755E0AVYjeUnQeOPtVNGuDLiWjJ6VIoyywLmVx5R6QliuL5AS0X/gi+ORDDlBZfOaDBAqdqCv5XAlF9tCQ=="
    },
    "call-bind": {
      "version": "1.0.2",
      "resolved": "https://registry.npmjs.org/call-bind/-/call-bind-1.0.2.tgz",
      "integrity": "sha512-7O+FbCihrB5WGbFYesctwmTKae6rOiIzmz1icreWJ+0aA7LJfuqhEso2T9ncpcFtzMQtzXf2QGGueWJGTYsqrA==",
      "requires": {
        "function-bind": "^1.1.1",
        "get-intrinsic": "^1.0.2"
      }
    },
    "clone": {
      "version": "1.0.4",
      "resolved": "https://registry.npmjs.org/clone/-/clone-1.0.4.tgz",
      "integrity": "sha512-JQHZ2QMW6l3aH/j6xCqQThY/9OH4D/9ls34cgkUBiEeocRTU04tHfKPBsUK1PqZCUQM7GiA0IIXJSuXHI64Kbg=="
    },
    "concat-map": {
      "version": "0.0.1",
      "resolved": "https://registry.npmjs.org/concat-map/-/concat-map-0.0.1.tgz",
      "integrity": "sha512-/Srv4dswyQNBfohGpz9o6Yb3Gz3SrUDqBH5rTuhGR7ahtlbYKnVxw2bCFMRljaA7EXHaXZ8wsHdodFvbkhKmqg=="
    },
    "debounce": {
      "version": "1.2.1",
      "resolved": "https://registry.npmjs.org/debounce/-/debounce-1.2.1.tgz",
      "integrity": "sha512-XRRe6Glud4rd/ZGQfiV1ruXSfbvfJedlV9Y6zOlP+2K04vBYiJEte6stfFkCP03aMnY5tsipamumUjL14fofug=="
    },
    "debug": {
      "version": "2.6.9",
      "resolved": "https://registry.npmjs.org/debug/-/debug-2.6.9.tgz",
      "integrity": "sha512-bC7ElrdJaJnPbAP+1EotYvqZsb3ecl5wi6Bfi6BJTUcNowp6cvspg0jXznRTKDjm/E7AdgFBVeAPVMNcKGsHMA==",
      "requires": {
        "ms": "2.0.0"
      }
    },
    "deep-equal": {
      "version": "1.1.1",
      "resolved": "https://registry.npmjs.org/deep-equal/-/deep-equal-1.1.1.tgz",
      "integrity": "sha512-yd9c5AdiqVcR+JjcwUQb9DkhJc8ngNr0MahEBGvDiJw8puWab2yZlh+nkasOnZP+EGTAP6rRp2JzJhJZzvNF8g==",
      "requires": {
        "is-arguments": "^1.0.4",
        "is-date-object": "^1.0.1",
        "is-regex": "^1.0.4",
        "object-is": "^1.0.1",
        "object-keys": "^1.1.1",
        "regexp.prototype.flags": "^1.2.0"
      }
    },
    "defaults": {
      "version": "1.0.3",
      "resolved": "https://registry.npmjs.org/defaults/-/defaults-1.0.3.tgz",
      "integrity": "sha512-s82itHOnYrN0Ib8r+z7laQz3sdE+4FP3d9Q7VLO7U+KRT+CR0GsWuyHxzdAY82I7cXv0G/twrqomTJLOssO5HA==",
      "requires": {
        "clone": "^1.0.2"
      }
    },
    "define-properties": {
      "version": "1.1.4",
      "resolved": "https://registry.npmjs.org/define-properties/-/define-properties-1.1.4.tgz",
      "integrity": "sha512-uckOqKcfaVvtBdsVkdPv3XjveQJsNQqmhXgRi8uhvWWuPYZCNlzT8qAyblUgNoXdHdjMTzAqeGjAoli8f+bzPA==",
      "requires": {
        "has-property-descriptors": "^1.0.0",
        "object-keys": "^1.1.1"
      }
    },
    "defined": {
      "version": "1.0.0",
      "resolved": "https://registry.npmjs.org/defined/-/defined-1.0.0.tgz",
      "integrity": "sha512-Y2caI5+ZwS5c3RiNDJ6u53VhQHv+hHKwhkI1iHvceKUHw9Df6EK2zRLfjejRgMuCuxK7PfSWIMwWecceVvThjQ=="
    },
    "dotignore": {
      "version": "0.1.2",
      "resolved": "https://registry.npmjs.org/dotignore/-/dotignore-0.1.2.tgz",
      "integrity": "sha512-UGGGWfSauusaVJC+8fgV+NVvBXkCTmVv7sk6nojDZZvuOUNGUy0Zk4UpHQD6EDjS0jpBwcACvH4eofvyzBcRDw==",
      "requires": {
        "minimatch": "^3.0.4"
      }
    },
    "es-abstract": {
      "version": "1.20.2",
      "resolved": "https://registry.npmjs.org/es-abstract/-/es-abstract-1.20.2.tgz",
      "integrity": "sha512-XxXQuVNrySBNlEkTYJoDNFe5+s2yIOpzq80sUHEdPdQr0S5nTLz4ZPPPswNIpKseDDUS5yghX1gfLIHQZ1iNuQ==",
      "requires": {
        "call-bind": "^1.0.2",
        "es-to-primitive": "^1.2.1",
        "function-bind": "^1.1.1",
        "function.prototype.name": "^1.1.5",
        "get-intrinsic": "^1.1.2",
        "get-symbol-description": "^1.0.0",
        "has": "^1.0.3",
        "has-property-descriptors": "^1.0.0",
        "has-symbols": "^1.0.3",
        "internal-slot": "^1.0.3",
        "is-callable": "^1.2.4",
        "is-negative-zero": "^2.0.2",
        "is-regex": "^1.1.4",
        "is-shared-array-buffer": "^1.0.2",
        "is-string": "^1.0.7",
        "is-weakref": "^1.0.2",
        "object-inspect": "^1.12.2",
        "object-keys": "^1.1.1",
        "object.assign": "^4.1.4",
        "regexp.prototype.flags": "^1.4.3",
        "string.prototype.trimend": "^1.0.5",
        "string.prototype.trimstart": "^1.0.5",
        "unbox-primitive": "^1.0.2"
      }
    },
    "es-to-primitive": {
      "version": "1.2.1",
      "resolved": "https://registry.npmjs.org/es-to-primitive/-/es-to-primitive-1.2.1.tgz",
      "integrity": "sha512-QCOllgZJtaUo9miYBcLChTUaHNjJF3PYs1VidD7AwiEj1kYxKeQTctLAezAOH5ZKRH0g2IgPn6KwB4IT8iRpvA==",
      "requires": {
        "is-callable": "^1.1.4",
        "is-date-object": "^1.0.1",
        "is-symbol": "^1.0.2"
      }
    },
    "fit-rect": {
      "version": "1.0.3",
      "resolved": "https://registry.npmjs.org/fit-rect/-/fit-rect-1.0.3.tgz",
      "integrity": "sha512-3c8BQd1kG7Y6YOpvzpZgaFi/qOwo+cnUmTm9wsMKeV0YoreKQRFuzJIzPIr+6ThTMPeyiZ4eNx3rD8bmtSu8kw=="
    },
    "for-each": {
      "version": "0.3.3",
      "resolved": "https://registry.npmjs.org/for-each/-/for-each-0.3.3.tgz",
      "integrity": "sha512-jqYfLp7mo9vIyQf8ykW2v7A+2N4QjeCeI5+Dz9XraiO1ign81wjiH7Fb9vSOWvQfNtmSa4H2RoQTrrXivdUZmw==",
      "requires": {
        "is-callable": "^1.1.3"
      }
    },
    "fs.realpath": {
      "version": "1.0.0",
      "resolved": "https://registry.npmjs.org/fs.realpath/-/fs.realpath-1.0.0.tgz",
      "integrity": "sha512-OO0pH2lK6a0hZnAdau5ItzHPI6pUlvI7jMVnxUQRtw4owF2wk8lOSabtGDCTP4Ggrg2MbGnWO9X8K1t4+fGMDw=="
    },
    "function-bind": {
      "version": "1.1.1",
      "resolved": "https://registry.npmjs.org/function-bind/-/function-bind-1.1.1.tgz",
      "integrity": "sha512-yIovAzMX49sF8Yl58fSCWJ5svSLuaibPxXQJFLmBObTuCr0Mf1KiPopGM9NiFjiYBCbfaa2Fh6breQ6ANVTI0A=="
    },
    "function.prototype.name": {
      "version": "1.1.5",
      "resolved": "https://registry.npmjs.org/function.prototype.name/-/function.prototype.name-1.1.5.tgz",
      "integrity": "sha512-uN7m/BzVKQnCUF/iW8jYea67v++2u7m5UgENbHRtdDVclOUP+FMPlCNdmk0h/ysGyo2tavMJEDqJAkJdRa1vMA==",
      "requires": {
        "call-bind": "^1.0.2",
        "define-properties": "^1.1.3",
        "es-abstract": "^1.19.0",
        "functions-have-names": "^1.2.2"
      }
    },
    "functions-have-names": {
      "version": "1.2.3",
      "resolved": "https://registry.npmjs.org/functions-have-names/-/functions-have-names-1.2.3.tgz",
      "integrity": "sha512-xckBUXyTIqT97tq2x2AMb+g163b5JFysYk0x4qxNFwbfQkmNZoiRHb6sPzI9/QV33WeuvVYBUIiD4NzNIyqaRQ=="
    },
    "geo-3d-transform-mat4": {
      "version": "1.0.0",
      "resolved": "https://registry.npmjs.org/geo-3d-transform-mat4/-/geo-3d-transform-mat4-1.0.0.tgz",
      "integrity": "sha512-57dwebIoeDV+Rgb/Q/qktam6Hjrh8SXdAXQkn5GmPCPnXCaqCIyiZYgnqAwfDWFTa1mwsOcB91UjCQWMAqx3uw==",
      "requires": {
        "geo-convert-position-format": "^1.0.0",
        "geo-identify-position-format": "^1.0.2",
        "gl-vec3": "^1.0.3"
      }
    },
    "geo-ambient-occlusion": {
      "version": "3.0.4",
      "resolved": "https://registry.npmjs.org/geo-ambient-occlusion/-/geo-ambient-occlusion-3.0.4.tgz",
      "integrity": "sha512-sNZt5QvMJxSEW6/4yMINLEBLeEYR3wdfUN9sfh43FSaVfcjycFmVsIe2dRjtnZMwE+i8fHk8eSgwGABBqDQOog==",
      "requires": {
        "defaults": "^1.0.3",
        "geo-3d-transform-mat4": "^1.0.0",
        "geo-center": "^1.0.2",
        "geo-convert-position-format": "^1.0.0",
        "gl-matrix": "^2.4.0",
        "mesh-reindex": "^1.0.0",
        "normals": "^1.1.0",
        "regl": "^1.3.0",
        "snowden": "^1.0.1",
        "vertices-bounding-box": "^1.0.0"
      }
    },
    "geo-center": {
      "version": "1.0.3",
      "resolved": "https://registry.npmjs.org/geo-center/-/geo-center-1.0.3.tgz",
      "integrity": "sha512-eVXwlGqEJ7RfJu9XjpNgiT51Px2S6EfQuKqX7+5C9QsVD8Q80DHdOUVTVIqC3MH5cgWPJe042nT3Al1NLT/Xfw==",
      "requires": {
        "geo-3d-transform-mat4": "^1.0.0",
        "gl-mat4": "^1.1.4",
        "vertices-bounding-box": "^1.0.0"
      }
    },
    "geo-convert-position-format": {
      "version": "1.0.0",
      "resolved": "https://registry.npmjs.org/geo-convert-position-format/-/geo-convert-position-format-1.0.0.tgz",
      "integrity": "sha512-EzcELf9KEoJDrobUq1VZ9QkcUc6V4r8cfu0kiLQTqCE80fmJrW9ri3EG+nig+agOM2XMmNtL83OoPPsUGESOHw==",
      "requires": {
        "geo-identify-position-format": "^1.0.1",
        "ndarray": "^1.0.18"
      }
    },
    "geo-identify-position-format": {
      "version": "1.0.2",
      "resolved": "https://registry.npmjs.org/geo-identify-position-format/-/geo-identify-position-format-1.0.2.tgz",
      "integrity": "sha512-DaqWqRePcBqWysdGA89Pf7+JjyPd7wAI9DtgrKgDn2o5/nlQ5iALINJP5+cEcN9ACUzXRVhkeTtlbWoqIvk6cQ==",
      "requires": {
        "is-typedarray": "^1.0.0",
        "isndarray": "^1.0.0"
      }
    },
    "geom-center-and-normalize": {
      "version": "1.0.3",
      "resolved": "https://registry.npmjs.org/geom-center-and-normalize/-/geom-center-and-normalize-1.0.3.tgz",
      "integrity": "sha512-1wEbvW8yk/+mhrQkUOtCnlNnQYqPBik1scJ8qN09dnS+WvsW6gHSzyFTmrHRj90KenL8RZSiMSS/tYwjhxG9TA==",
      "requires": {
        "clone": "^1.0.2",
        "pex-geom": "^2.0.2",
        "pex-math": "^2.1.1"
      },
      "dependencies": {
        "pex-math": {
          "version": "2.1.1",
          "resolved": "https://registry.npmjs.org/pex-math/-/pex-math-2.1.1.tgz",
          "integrity": "sha512-ieBwiAavIo2kf13DRZfzR3aQ03bE62bvoO165Gw54f/TGCkVcORf9+urMckLZi3GreZVAZIaHSbVnF6zc6gAdA=="
        }
      }
    },
    "geom-normals": {
      "version": "1.0.1",
      "resolved": "https://registry.npmjs.org/geom-normals/-/geom-normals-1.0.1.tgz",
      "integrity": "sha512-pwJreNg4LQzIt4Z2KmWJyNc3ZvHL6QrTojMLZhDfgVVKym+GLO2gAdajNjqWO5IaYzhYpMgS9ZYQeNEGlRMwZQ==",
      "requires": {
        "pex-math": "^3.0.0-0"
      }
    },
    "get-intrinsic": {
      "version": "1.1.3",
      "resolved": "https://registry.npmjs.org/get-intrinsic/-/get-intrinsic-1.1.3.tgz",
      "integrity": "sha512-QJVz1Tj7MS099PevUG5jvnt9tSkXN8K14dxQlikJuPt4uD9hHAHjLyLBiLR5zELelBdD9QNRAXZzsJx0WaDL9A==",
      "requires": {
        "function-bind": "^1.1.1",
        "has": "^1.0.3",
        "has-symbols": "^1.0.3"
      }
    },
    "get-symbol-description": {
      "version": "1.0.0",
      "resolved": "https://registry.npmjs.org/get-symbol-description/-/get-symbol-description-1.0.0.tgz",
      "integrity": "sha512-2EmdH1YvIQiZpltCNgkuiUnyukzxM/R6NDJX31Ke3BG1Nq5b0S2PhX59UKi9vZpPDQVdqn+1IcaAwnzTT5vCjw==",
      "requires": {
        "call-bind": "^1.0.2",
        "get-intrinsic": "^1.1.1"
      }
    },
    "gl-mat4": {
      "version": "1.2.0",
      "resolved": "https://registry.npmjs.org/gl-mat4/-/gl-mat4-1.2.0.tgz",
      "integrity": "sha512-sT5C0pwB1/e9G9AvAoLsoaJtbMGjfd/jfxo8jMCKqYYEnjZuFvqV5rehqar0538EmssjdDeiEWnKyBSTw7quoA=="
    },
    "gl-matrix": {
      "version": "2.8.1",
      "resolved": "https://registry.npmjs.org/gl-matrix/-/gl-matrix-2.8.1.tgz",
      "integrity": "sha512-0YCjVpE3pS5XWlN3J4X7AiAx65+nqAI54LndtVFnQZB6G/FVLkZH8y8V6R3cIoOQR4pUdfwQGd1iwyoXHJ4Qfw=="
    },
    "gl-vec2": {
      "version": "1.3.0",
      "resolved": "https://registry.npmjs.org/gl-vec2/-/gl-vec2-1.3.0.tgz",
      "integrity": "sha512-YiqaAuNsheWmUV0Sa8k94kBB0D6RWjwZztyO+trEYS8KzJ6OQB/4686gdrf59wld4hHFIvaxynO3nRxpk1Ij/A=="
    },
    "gl-vec3": {
      "version": "1.1.3",
      "resolved": "https://registry.npmjs.org/gl-vec3/-/gl-vec3-1.1.3.tgz",
      "integrity": "sha512-jduKUqT0SGH02l8Yl+mV1yVsDfYgQAJyXGxkJQGyxPLHRiW25DwVIRPt6uvhrEMHftJfqhqKthRcyZqNEl9Xdw=="
    },
    "glob": {
      "version": "7.2.3",
      "resolved": "https://registry.npmjs.org/glob/-/glob-7.2.3.tgz",
      "integrity": "sha512-nFR0zLpU2YCaRxwoCJvL6UvCH2JFyFVIvwTLsIf21AuHlMskA1hhTdk+LlYJtOlYt9v6dvszD2BGRqBL+iQK9Q==",
      "requires": {
        "fs.realpath": "^1.0.0",
        "inflight": "^1.0.4",
        "inherits": "2",
        "minimatch": "^3.1.1",
        "once": "^1.3.0",
        "path-is-absolute": "^1.0.0"
      }
    },
    "has": {
      "version": "1.0.3",
      "resolved": "https://registry.npmjs.org/has/-/has-1.0.3.tgz",
      "integrity": "sha512-f2dvO0VU6Oej7RkWJGrehjbzMAjFp5/VKPp5tTpWIV4JHHZK1/BxbFRtf/siA2SWTe09caDmVtYYzWEIbBS4zw==",
      "requires": {
        "function-bind": "^1.1.1"
      }
    },
    "has-bigints": {
      "version": "1.0.2",
      "resolved": "https://registry.npmjs.org/has-bigints/-/has-bigints-1.0.2.tgz",
      "integrity": "sha512-tSvCKtBr9lkF0Ex0aQiP9N+OpV4zi2r/Nee5VkRDbaqv35RLYMzbwQfFSZZH0kR+Rd6302UJZ2p/bJCEoR3VoQ=="
    },
    "has-property-descriptors": {
      "version": "1.0.0",
      "resolved": "https://registry.npmjs.org/has-property-descriptors/-/has-property-descriptors-1.0.0.tgz",
      "integrity": "sha512-62DVLZGoiEBDHQyqG4w9xCuZ7eJEwNmJRWw2VY84Oedb7WFcA27fiEVe8oUQx9hAUJ4ekurquucTGwsyO1XGdQ==",
      "requires": {
        "get-intrinsic": "^1.1.1"
      }
    },
    "has-symbols": {
      "version": "1.0.3",
      "resolved": "https://registry.npmjs.org/has-symbols/-/has-symbols-1.0.3.tgz",
      "integrity": "sha512-l3LCuF6MgDNwTDKkdYGEihYjt5pRPbEg46rtlmnSPlUbgmB8LOIrKJbYYFBSbnPaJexMKtiPO8hmeRjRz2Td+A=="
    },
    "has-tostringtag": {
      "version": "1.0.0",
      "resolved": "https://registry.npmjs.org/has-tostringtag/-/has-tostringtag-1.0.0.tgz",
      "integrity": "sha512-kFjcSNhnlGV1kyoGk7OXKSawH5JOb/LzUc5w9B02hOTO0dfFRjbHQKvg1d6cf3HbeUmtU9VbbV3qzZ2Teh97WQ==",
      "requires": {
        "has-symbols": "^1.0.2"
      }
    },
    "icosphere": {
      "version": "1.0.0",
      "resolved": "https://registry.npmjs.org/icosphere/-/icosphere-1.0.0.tgz",
      "integrity": "sha512-UUgOSPK2axSPG6uKrnOc302qOmJ39FkRlA7VgLPb3A0EgsNanl/S7i+8HQlKMr09ZLdnGB8G6/Lsuu0kxgdiOA==",
      "requires": {
        "vectors": "^0.1.0"
      }
    },
    "in-browser-download": {
      "version": "2.0.0",
      "resolved": "https://registry.npmjs.org/in-browser-download/-/in-browser-download-2.0.0.tgz",
      "integrity": "sha512-rK0WW0XopcigX66O7IfGdTPbCMfFKYAkJ37qP+OyTA2fh5fxb1ub1+q6fux9+29rzI4Z0i0tax7dE5Om3JxPZw=="
    },
    "inflight": {
      "version": "1.0.6",
      "resolved": "https://registry.npmjs.org/inflight/-/inflight-1.0.6.tgz",
      "integrity": "sha512-k92I/b08q4wvFscXCLvqfsHCrjrF7yiXsQuIVvVE7N82W3+aqpzuUdBbfhWcy/FZR3/4IgflMgKLOsvPDrGCJA==",
      "requires": {
        "once": "^1.3.0",
        "wrappy": "1"
      }
    },
    "inherits": {
      "version": "2.0.4",
      "resolved": "https://registry.npmjs.org/inherits/-/inherits-2.0.4.tgz",
      "integrity": "sha512-k/vGaX4/Yla3WzyMCvTQOXYeIHvqOKtnqBduzTHpzpQZzAskKMhZ2K+EnBiSM9zGSoIFeMpXKxa4dYeZIQqewQ=="
    },
    "internal-slot": {
      "version": "1.0.3",
      "resolved": "https://registry.npmjs.org/internal-slot/-/internal-slot-1.0.3.tgz",
      "integrity": "sha512-O0DB1JC/sPyZl7cIo78n5dR7eUSwwpYPiXRhTzNxZVAMUuB8vlnRFyLxdrVToks6XPLVnFfbzaVd5WLjhgg+vA==",
      "requires": {
        "get-intrinsic": "^1.1.0",
        "has": "^1.0.3",
        "side-channel": "^1.0.4"
      }
    },
    "interpolate-angle": {
      "version": "1.0.2",
      "resolved": "https://registry.npmjs.org/interpolate-angle/-/interpolate-angle-1.0.2.tgz",
      "integrity": "sha512-OUPG46LVGLwKRy4lRIigx3+I4LckaR7f0sRBLkdT7txMz7kI1QMEYm9I+551yf8gpCC90O632hKBrkZu+1hc9Q==",
      "requires": {
        "lerp": "^1.0.3"
      }
    },
    "iota-array": {
      "version": "1.0.0",
      "resolved": "https://registry.npmjs.org/iota-array/-/iota-array-1.0.0.tgz",
      "integrity": "sha512-pZ2xT+LOHckCatGQ3DcG/a+QuEqvoxqkiL7tvE8nn3uuu+f6i1TtpB5/FtWFbxUuVr5PZCx8KskuGatbJDXOWA=="
    },
    "is-arguments": {
      "version": "1.1.1",
      "resolved": "https://registry.npmjs.org/is-arguments/-/is-arguments-1.1.1.tgz",
      "integrity": "sha512-8Q7EARjzEnKpt/PCD7e1cgUS0a6X8u5tdSiMqXhojOdoV9TsMsiO+9VLC5vAmO8N7/GmXn7yjR8qnA6bVAEzfA==",
      "requires": {
        "call-bind": "^1.0.2",
        "has-tostringtag": "^1.0.0"
      }
    },
    "is-bigint": {
      "version": "1.0.4",
      "resolved": "https://registry.npmjs.org/is-bigint/-/is-bigint-1.0.4.tgz",
      "integrity": "sha512-zB9CruMamjym81i2JZ3UMn54PKGsQzsJeo6xvN3HJJ4CAsQNB6iRutp2To77OfCNuoxspsIhzaPoO1zyCEhFOg==",
      "requires": {
        "has-bigints": "^1.0.1"
      }
    },
    "is-boolean-object": {
      "version": "1.1.2",
      "resolved": "https://registry.npmjs.org/is-boolean-object/-/is-boolean-object-1.1.2.tgz",
      "integrity": "sha512-gDYaKHJmnj4aWxyj6YHyXVpdQawtVLHU5cb+eztPGczf6cjuTdwve5ZIEfgXqH4e57An1D1AKf8CZ3kYrQRqYA==",
      "requires": {
        "call-bind": "^1.0.2",
        "has-tostringtag": "^1.0.0"
      }
    },
    "is-browser": {
      "version": "2.1.0",
      "resolved": "https://registry.npmjs.org/is-browser/-/is-browser-2.1.0.tgz",
      "integrity": "sha512-F5rTJxDQ2sW81fcfOR1GnCXT6sVJC104fCyfj+mjpwNEwaPYSn5fte5jiHmBg3DHsIoL/l8Kvw5VN5SsTRcRFQ=="
    },
    "is-buffer": {
      "version": "1.1.6",
      "resolved": "https://registry.npmjs.org/is-buffer/-/is-buffer-1.1.6.tgz",
      "integrity": "sha512-NcdALwpXkTm5Zvvbk7owOUSvVvBKDgKP5/ewfXEznmQFfs4ZRmanOeKBTjRVjka3QFoN6XJ+9F3USqfHqTaU5w=="
    },
    "is-callable": {
      "version": "1.2.6",
      "resolved": "https://registry.npmjs.org/is-callable/-/is-callable-1.2.6.tgz",
      "integrity": "sha512-krO72EO2NptOGAX2KYyqbP9vYMlNAXdB53rq6f8LXY6RY7JdSR/3BD6wLUlPHSAesmY9vstNrjvqGaCiRK/91Q=="
    },
    "is-core-module": {
      "version": "2.10.0",
      "resolved": "https://registry.npmjs.org/is-core-module/-/is-core-module-2.10.0.tgz",
      "integrity": "sha512-Erxj2n/LDAZ7H8WNJXd9tw38GYM3dv8rk8Zcs+jJuxYTW7sozH+SS8NtrSjVL1/vpLvWi1hxy96IzjJ3EHTJJg==",
      "requires": {
        "has": "^1.0.3"
      }
    },
    "is-date-object": {
      "version": "1.0.5",
      "resolved": "https://registry.npmjs.org/is-date-object/-/is-date-object-1.0.5.tgz",
      "integrity": "sha512-9YQaSxsAiSwcvS33MBk3wTCVnWK+HhF8VZR2jRxehM16QcVOdHqPn4VPHmRK4lSr38n9JriurInLcP90xsYNfQ==",
      "requires": {
        "has-tostringtag": "^1.0.0"
      }
    },
    "is-negative-zero": {
      "version": "2.0.2",
      "resolved": "https://registry.npmjs.org/is-negative-zero/-/is-negative-zero-2.0.2.tgz",
      "integrity": "sha512-dqJvarLawXsFbNDeJW7zAz8ItJ9cd28YufuuFzh0G8pNHjJMnY08Dv7sYX2uF5UpQOwieAeOExEYAWWfu7ZZUA=="
    },
    "is-number-object": {
      "version": "1.0.7",
      "resolved": "https://registry.npmjs.org/is-number-object/-/is-number-object-1.0.7.tgz",
      "integrity": "sha512-k1U0IRzLMo7ZlYIfzRu23Oh6MiIFasgpb9X76eqfFZAqwH44UI4KTBvBYIZ1dSL9ZzChTB9ShHfLkR4pdW5krQ==",
      "requires": {
        "has-tostringtag": "^1.0.0"
      }
    },
    "is-plask": {
      "version": "1.1.1",
      "resolved": "https://registry.npmjs.org/is-plask/-/is-plask-1.1.1.tgz",
      "integrity": "sha512-B1H0VbnbRBObEcNMsM0XtPgVil/KsAv96f8m96jAcqOi1aS3nwLdWTfoOUvCnpvmWXOpOA8LRk+djapWsqu5zg==",
      "requires": {
        "plask-wrap": "^1.0.1"
      }
    },
    "is-regex": {
      "version": "1.1.4",
      "resolved": "https://registry.npmjs.org/is-regex/-/is-regex-1.1.4.tgz",
      "integrity": "sha512-kvRdxDsxZjhzUX07ZnLydzS1TU/TJlTUHHY4YLL87e37oUA49DfkLqgy+VjFocowy29cKvcSiu+kIv728jTTVg==",
      "requires": {
        "call-bind": "^1.0.2",
        "has-tostringtag": "^1.0.0"
      }
    },
    "is-shared-array-buffer": {
      "version": "1.0.2",
      "resolved": "https://registry.npmjs.org/is-shared-array-buffer/-/is-shared-array-buffer-1.0.2.tgz",
      "integrity": "sha512-sqN2UDu1/0y6uvXyStCOzyhAjCSlHceFoMKJW8W9EU9cvic/QdsZ0kEU93HEy3IUEFZIiH/3w+AH/UQbPHNdhA==",
      "requires": {
        "call-bind": "^1.0.2"
      }
    },
    "is-string": {
      "version": "1.0.7",
      "resolved": "https://registry.npmjs.org/is-string/-/is-string-1.0.7.tgz",
      "integrity": "sha512-tE2UXzivje6ofPW7l23cjDOMa09gb7xlAqG6jG5ej6uPV32TlWP3NKPigtaGeHNu9fohccRYvIiZMfOOnOYUtg==",
      "requires": {
        "has-tostringtag": "^1.0.0"
      }
    },
    "is-symbol": {
      "version": "1.0.4",
      "resolved": "https://registry.npmjs.org/is-symbol/-/is-symbol-1.0.4.tgz",
      "integrity": "sha512-C/CPBqKWnvdcxqIARxyOh4v1UUEOCHpgDa0WYgpKDFMszcrPcffg5uhwSgPCLD2WWxmq6isisz87tzT01tuGhg==",
      "requires": {
        "has-symbols": "^1.0.2"
      }
    },
    "is-typedarray": {
      "version": "1.0.0",
      "resolved": "https://registry.npmjs.org/is-typedarray/-/is-typedarray-1.0.0.tgz",
      "integrity": "sha512-cyA56iCMHAh5CdzjJIa4aohJyeO1YbwLi3Jc35MmRU6poroFjIGZzUzupGiRPOjgHg9TLu43xbpwXk523fMxKA=="
    },
    "is-weakref": {
      "version": "1.0.2",
      "resolved": "https://registry.npmjs.org/is-weakref/-/is-weakref-1.0.2.tgz",
      "integrity": "sha512-qctsuLZmIQ0+vSSMfoVvyFe2+GSEvnmZ2ezTup1SBse9+twCCeial6EEi3Nc2KFcf6+qz2FBPnjXsk8xhKSaPQ==",
      "requires": {
        "call-bind": "^1.0.2"
      }
    },
    "isndarray": {
      "version": "1.0.0",
      "resolved": "https://registry.npmjs.org/isndarray/-/isndarray-1.0.0.tgz",
      "integrity": "sha512-QvUHIbvXZE/N8Mmi0mndfk9KrqsHGE5U20dekg6SaQNY94yteoM+f4M4Dc7AnMjCwwEeHUqKggH8mvtJdSWvsg=="
    },
    "isosurface-generator": {
      "version": "2.0.1",
      "resolved": "https://registry.npmjs.org/isosurface-generator/-/isosurface-generator-2.0.1.tgz",
      "integrity": "sha512-/oNLuVszdd80YnHJ8LauMnWiGJPg+GK20xm0MAyKmIK8G2u5ir6U3o0T7KYPSfoX/ZqC5ndf51G/LB5W7h+2MQ=="
    },
    "latlon-to-xyz": {
      "version": "1.0.1",
      "resolved": "https://registry.npmjs.org/latlon-to-xyz/-/latlon-to-xyz-1.0.1.tgz",
      "integrity": "sha512-OF65aE60Y9aMOibxWFC2Vl7EN2BOtMKabm0t97+VaVgR9LoStZHbNNMc8dS/LG6iE1BpEXmnoH85wWr1drp/Tw=="
    },
    "lerp": {
      "version": "1.0.3",
      "resolved": "https://registry.npmjs.org/lerp/-/lerp-1.0.3.tgz",
      "integrity": "sha512-70Rh4rCkJDvwWiTsyZ1HmJGvnyfFah4m6iTux29XmasRiZPDBpT9Cfa4ai73+uLZxnlKruUS62jj2lb11wURiA=="
    },
    "mesh-reindex": {
      "version": "1.0.0",
      "resolved": "https://registry.npmjs.org/mesh-reindex/-/mesh-reindex-1.0.0.tgz",
      "integrity": "sha512-Vty/yG5Kzt2xTblS7/uKeid4zwumGJXP9UxG7GiRa0FhsUd8M8inq7Cj1yStDoKkL+NEUUwAODZ65CLjACp82A=="
    },
    "minimatch": {
      "version": "3.1.2",
      "resolved": "https://registry.npmjs.org/minimatch/-/minimatch-3.1.2.tgz",
      "integrity": "sha512-J7p63hRiAjw1NDEww1W7i37+ByIrOWO5XQQAzZ3VOcL0PNybwpfmV/N05zFAzwQ9USyEcX6t3UO+K5aqBQOIHw==",
      "requires": {
        "brace-expansion": "^1.1.7"
      }
    },
    "minimist": {
      "version": "1.2.6",
      "resolved": "https://registry.npmjs.org/minimist/-/minimist-1.2.6.tgz",
      "integrity": "sha512-Jsjnk4bw3YJqYzbdyBiNsPWHPfO++UGG749Cxs6peCu5Xg4nrena6OVxOYxrQTqww0Jmwt+Ref8rggumkTLz9Q=="
    },
    "mouse-event-offset": {
      "version": "3.0.2",
      "resolved": "https://registry.npmjs.org/mouse-event-offset/-/mouse-event-offset-3.0.2.tgz",
      "integrity": "sha512-s9sqOs5B1Ykox3Xo8b3Ss2IQju4UwlW6LSR+Q5FXWpprJ5fzMLefIIItr3PH8RwzfGy6gxs/4GAmiNuZScE25w=="
    },
    "ms": {
      "version": "2.0.0",
      "resolved": "https://registry.npmjs.org/ms/-/ms-2.0.0.tgz",
      "integrity": "sha512-Tpp60P6IUJDTuOq/5Z8cdskzJujfwqfOTkrwIwj7IRISpnkJnT6SyJ4PCPnGMoFjC9ddhal5KVIYtAt97ix05A=="
    },
    "ndarray": {
      "version": "1.0.19",
      "resolved": "https://registry.npmjs.org/ndarray/-/ndarray-1.0.19.tgz",
      "integrity": "sha512-B4JHA4vdyZU30ELBw3g7/p9bZupyew5a7tX1Y/gGeF2hafrPaQZhgrGQfsvgfYbgdFZjYwuEcnaobeM/WMW+HQ==",
      "requires": {
        "iota-array": "^1.0.0",
        "is-buffer": "^1.0.2"
      }
    },
    "normals": {
      "version": "1.1.0",
      "resolved": "https://registry.npmjs.org/normals/-/normals-1.1.0.tgz",
      "integrity": "sha512-XWeliW48BLvbVJ+cjQAOE+tA0m1M7Yi1iTPphAS9tBmW1A/c/cOVnEUecPCCMH5lEAihAcG6IRle56ls9k3xug=="
    },
    "numeric": {
      "version": "1.2.6",
      "resolved": "https://registry.npmjs.org/numeric/-/numeric-1.2.6.tgz",
      "integrity": "sha512-avBiDAP8siMa7AfJgYyuxw1oyII4z2sswS23+O+ZfV28KrtNzy0wxUFwi4f3RyM4eeeXNs1CThxR7pb5QQcMiw=="
    },
    "object-inspect": {
      "version": "1.12.2",
      "resolved": "https://registry.npmjs.org/object-inspect/-/object-inspect-1.12.2.tgz",
      "integrity": "sha512-z+cPxW0QGUp0mcqcsgQyLVRDoXFQbXOwBaqyF7VIgI4TWNQsDHrBpUQslRmIfAoYWdYzs6UlKJtB2XJpTaNSpQ=="
    },
    "object-is": {
      "version": "1.1.5",
      "resolved": "https://registry.npmjs.org/object-is/-/object-is-1.1.5.tgz",
      "integrity": "sha512-3cyDsyHgtmi7I7DfSSI2LDp6SK2lwvtbg0p0R1e0RvTqF5ceGx+K2dfSjm1bKDMVCFEDAQvy+o8c6a7VujOddw==",
      "requires": {
        "call-bind": "^1.0.2",
        "define-properties": "^1.1.3"
      }
    },
    "object-keys": {
      "version": "1.1.1",
      "resolved": "https://registry.npmjs.org/object-keys/-/object-keys-1.1.1.tgz",
      "integrity": "sha512-NuAESUOUMrlIXOfHKzD6bpPu3tYt3xvjNdRIQ+FeT0lNb4K8WR70CaDxhuNguS2XG+GjkyMwOzsN5ZktImfhLA=="
    },
    "object.assign": {
      "version": "4.1.4",
      "resolved": "https://registry.npmjs.org/object.assign/-/object.assign-4.1.4.tgz",
      "integrity": "sha512-1mxKf0e58bvyjSCtKYY4sRe9itRk3PJpquJOjeIkz885CczcI4IvJJDLPS72oowuSh+pBxUFROpX+TU++hxhZQ==",
      "requires": {
        "call-bind": "^1.0.2",
        "define-properties": "^1.1.4",
        "has-symbols": "^1.0.3",
        "object-keys": "^1.1.1"
      }
    },
    "once": {
      "version": "1.4.0",
      "resolved": "https://registry.npmjs.org/once/-/once-1.4.0.tgz",
      "integrity": "sha512-lNaJgI+2Q5URQBkccEKHTQOPaXdUxnZZElQTZY0MFUAuaEqe1E+Nyvgdz/aIyNi6Z9MzO5dv1H8n58/GELp3+w==",
      "requires": {
        "wrappy": "1"
      }
    },
    "parse-obj": {
      "version": "0.0.0",
      "resolved": "https://registry.npmjs.org/parse-obj/-/parse-obj-0.0.0.tgz",
      "integrity": "sha512-K9aRimeOyUdxr4ehIcaEX3uK2jwhfDGkP8fW5Axi2CdJTf6Y+ymGNe+/Zj9Xv2fHdAed3UAL5zNWRbnvUSjn9A==",
      "requires": {
        "split": "~0.2.10"
      }
    },
    "path-is-absolute": {
      "version": "1.0.1",
      "resolved": "https://registry.npmjs.org/path-is-absolute/-/path-is-absolute-1.0.1.tgz",
      "integrity": "sha512-AVbw3UJ2e9bq64vSaS9Am0fje1Pa8pbGqTTsmXfaIiMpnr5DlDhfJOuLj9Sf95ZPVDAUerDfEk88MPmPe7UCQg=="
    },
    "path-parse": {
      "version": "1.0.7",
      "resolved": "https://registry.npmjs.org/path-parse/-/path-parse-1.0.7.tgz",
      "integrity": "sha512-LDJzPVEEEPR+y48z93A0Ed0yXb8pAByGWo/k5YYdYgpY2/2EsOsksJrq7lOHxryrVOn1ejG6oAp8ahvOIQD8sw=="
    },
    "performance-now": {
      "version": "2.1.0",
      "resolved": "https://registry.npmjs.org/performance-now/-/performance-now-2.1.0.tgz",
      "integrity": "sha512-7EAHlyLHI56VEIdK57uwHdHKIaAGbnXPiw0yWbarQZOKaKpvUIgW0jWRVLiatnM+XXlSwsanIBH/hzGMJulMow=="
    },
    "pex-cam": {
      "version": "2.8.0",
      "resolved": "https://registry.npmjs.org/pex-cam/-/pex-cam-2.8.0.tgz",
      "integrity": "sha512-C+C6VlLoOA1AYfDlYibkBTOWKEYZrKHYvzY5PDy7zHJdfzoDGkm9sgAx94bQCbcA2irbEvuYC2Hk3XaNIvy0Dw==",
      "requires": {
        "interpolate-angle": "^1.0.2",
        "latlon-to-xyz": "^1.0.1",
        "mouse-event-offset": "^3.0.2",
        "pex-geom": "^2.0.1",
        "pex-math": "^2.0.0",
        "raf": "^3.4.0",
        "xyz-to-latlon": "^1.0.2"
      },
      "dependencies": {
        "pex-math": {
          "version": "2.1.1",
          "resolved": "https://registry.npmjs.org/pex-math/-/pex-math-2.1.1.tgz",
          "integrity": "sha512-ieBwiAavIo2kf13DRZfzR3aQ03bE62bvoO165Gw54f/TGCkVcORf9+urMckLZi3GreZVAZIaHSbVnF6zc6gAdA=="
        }
      }
    },
    "pex-context": {
      "version": "2.10.4",
      "resolved": "https://registry.npmjs.org/pex-context/-/pex-context-2.10.4.tgz",
      "integrity": "sha512-obi24HPNmbb/GOY2pmWnyn2/OuyWKM0qwAdc+Wl+hhjqGm0nfdrLtGMai+VcrjciYsnDlo4AVx1HehSXu62Gng==",
      "requires": {
        "debug": "^2.6.9",
        "is-browser": "^2.0.1",
        "pex-gl": "^2.7.0",
        "raf": "^3.3.0"
      }
    },
    "pex-geom": {
      "version": "2.0.2",
      "resolved": "https://registry.npmjs.org/pex-geom/-/pex-geom-2.0.2.tgz",
      "integrity": "sha512-DRdxdD1LF64RRTTX6/VEGhXxNuMFXdKSmLg7Lh5TvhvkMTXJxO4myRBqIj7yljnPntJ/TdAyUSaYoHRWk4R32w==",
      "requires": {
        "pex-math": "^2.0.0",
        "tape": "^4.8.0"
      },
      "dependencies": {
        "pex-math": {
          "version": "2.1.1",
          "resolved": "https://registry.npmjs.org/pex-math/-/pex-math-2.1.1.tgz",
          "integrity": "sha512-ieBwiAavIo2kf13DRZfzR3aQ03bE62bvoO165Gw54f/TGCkVcORf9+urMckLZi3GreZVAZIaHSbVnF6zc6gAdA=="
        }
      }
    },
    "pex-gl": {
      "version": "2.7.0",
      "resolved": "https://registry.npmjs.org/pex-gl/-/pex-gl-2.7.0.tgz",
      "integrity": "sha512-oqOhB4IYk6KWwtmuTsJymyE/4vEGdAaAi5E/hmWyymYKlxHDaQFVIF9IzLNv7kkE1XKmxk1FX1U4tnKGmsDWXA==",
      "requires": {
        "is-plask": "^1.1.1"
      }
    },
    "pex-math": {
      "version": "3.0.0-4",
      "resolved": "https://registry.npmjs.org/pex-math/-/pex-math-3.0.0-4.tgz",
      "integrity": "sha512-Ao4rbxwz8ideDQ0wJAnQ1G+GDLSQC0SnWEWcW+gJYH0q/uKk6JS/1W0e8sxMVOHhhd/WGbaJ2pMEmpnqcWisRA=="
    },
    "pex-random": {
      "version": "1.0.1",
      "resolved": "https://registry.npmjs.org/pex-random/-/pex-random-1.0.1.tgz",
      "integrity": "sha512-+Tx279ya6fMdVlLCR286YJ3KKU8a6E2+Pt40JnuMtwuh7SldLMo382OSgOF7UtYsdp46TMDETxoq0xdWZyWrNg==",
      "requires": {
        "seedrandom": "^2.3.10",
        "simplex-noise": "2.1.1"
      }
    },
    "plask-wrap": {
      "version": "1.0.1",
      "resolved": "https://registry.npmjs.org/plask-wrap/-/plask-wrap-1.0.1.tgz",
      "integrity": "sha512-r7J9WdM0RlN4NepjGp/NiQ4oYRfyMS+2fIp0I+hV23WvenJb/2ref/1zKTu8KkuB68fuIV8GWdUt1ZIkQXadrg=="
    },
    "polytope-closest-point": {
      "version": "0.0.0",
      "resolved": "https://registry.npmjs.org/polytope-closest-point/-/polytope-closest-point-0.0.0.tgz",
      "integrity": "sha512-HVduwxSQDcz1O154sSRb/VG6RWuWKXPhxS/x14mpGmbifxE/mZqWOH2TwGlEbvZcRN9qk6qLwBta69JFcMnCzw==",
      "requires": {
        "numeric": "~1.2.6"
      }
    },
    "primitive-box": {
      "version": "1.0.0",
      "resolved": "https://registry.npmjs.org/primitive-box/-/primitive-box-1.0.0.tgz",
      "integrity": "sha512-AbqEP/U+KaWevRSWgTV0LXvcz6mB2zy/Al80R8lv6ZZftIEopkh/GP4EeSguz3mDO3Bec42BGXXjNk5IPx09dw=="
    },
    "primitive-capsule": {
      "version": "3.0.1",
      "resolved": "https://registry.npmjs.org/primitive-capsule/-/primitive-capsule-3.0.1.tgz",
      "integrity": "sha512-99jWUYE8G9BPFEXXEO6IU4ksRbP/DdKF28+036zr8b5TUYCnEOOrLkqMGwO0+sMBphhthg4j+T57WfCkdt70jw=="
    },
    "primitive-circle": {
      "version": "1.0.2",
      "resolved": "https://registry.npmjs.org/primitive-circle/-/primitive-circle-1.0.2.tgz",
      "integrity": "sha512-tOvSdHlhrlm1eQ/PFSiQyv9skCazVaUObvunneOLqiCmlPmfMe2MN45iUlAofCI26yFabksMsoWrWa9geS+MMw=="
    },
    "primitive-cube": {
      "version": "2.0.1",
      "resolved": "https://registry.npmjs.org/primitive-cube/-/primitive-cube-2.0.1.tgz",
      "integrity": "sha512-6h+ZgfzWZoh4utxWyYT/xUxAGCQfOwtjBSXKz5PoL1thu688o+stauxk+Dx9jQI1+nVZ5O6HuRpgkJxYM77HHg=="
    },
    "primitive-cylinder": {
      "version": "1.0.3",
      "resolved": "https://registry.npmjs.org/primitive-cylinder/-/primitive-cylinder-1.0.3.tgz",
      "integrity": "sha512-RGLQaDWM2lpBF0b3yknJ2syVCp8vMypM7RBsMECircKuQFqXAGyNf/u8f3eAQ7HVzvQSTFGaDghf5eRu0UKbpw=="
    },
    "primitive-ellipsoid": {
      "version": "1.1.0",
      "resolved": "https://registry.npmjs.org/primitive-ellipsoid/-/primitive-ellipsoid-1.1.0.tgz",
      "integrity": "sha512-RsbCKXBtQ8JlhKRkOvJJ1tC0ODqm01DMe4R3UCbHLnYrjyM3QCMRJEDaEOZ+WGPo88dD+Nrp7qfCtn+4JO9f4Q==",
      "requires": {
        "gl-matrix": "^2.8.1"
      }
    },
    "primitive-geometry": {
      "version": "1.2.1",
      "resolved": "https://registry.npmjs.org/primitive-geometry/-/primitive-geometry-1.2.1.tgz",
      "integrity": "sha512-7tdbNSd0NWWruGc8yEhznwkWeQIjK+hV0kNb/vEIG70svBhSa74OPAghD/PV9jvP4w7Pqkpfgc6AJO7DXpfevw==",
      "requires": {
        "primitive-box": "^1.0.0",
        "primitive-capsule": "^3.0.1",
        "primitive-circle": "^1.0.2",
        "primitive-cube": "^2.0.1",
        "primitive-cylinder": "^1.0.3",
        "primitive-ellipsoid": "^1.1.0",
        "primitive-icosphere": "^1.0.2",
        "primitive-plane": "^2.0.1",
        "primitive-quad": "^2.0.0",
        "primitive-rounded-cube": "^1.0.2",
        "primitive-sphere": "^3.0.0",
        "primitive-torus": "^1.0.4"
      }
    },
    "primitive-icosphere": {
      "version": "1.0.2",
      "resolved": "https://registry.npmjs.org/primitive-icosphere/-/primitive-icosphere-1.0.2.tgz",
      "integrity": "sha512-vGTVSGN/NVi5e3x3bV4aUn/jKWIez/lp/oa1JO3XlctYIaalyXWQIWLD5C7HuQUXlsHJllw1rSWqhZjB2lwMAQ==",
      "requires": {
        "gl-vec2": "^1.0.0",
        "gl-vec3": "^1.0.3",
        "icosphere": "^1.0.0"
      }
    },
    "primitive-plane": {
      "version": "2.0.1",
      "resolved": "https://registry.npmjs.org/primitive-plane/-/primitive-plane-2.0.1.tgz",
      "integrity": "sha512-iFk5luQZcY02emAljs/ZY02Q8XmgdV67Gs3Xj7gd3mO4CICjJN6wtrRXCvdxDKbzaIuQdOE8cNIyvk6GZJoPmw=="
    },
    "primitive-quad": {
      "version": "2.0.0",
      "resolved": "https://registry.npmjs.org/primitive-quad/-/primitive-quad-2.0.0.tgz",
      "integrity": "sha512-JlPRH5x3QEqoIeHvxHY6ePLhpjSG7FEGxitR8sbfkfCjJK+OEVODTE4j6US12gMqvQqXzRGkkmuYYvJCozifMA=="
    },
    "primitive-rounded-cube": {
      "version": "1.0.2",
      "resolved": "https://registry.npmjs.org/primitive-rounded-cube/-/primitive-rounded-cube-1.0.2.tgz",
      "integrity": "sha512-JvXmmjL0uYi+PL/JIyvsAe+lCuB1Yn+hZLMd1mcXmrpHxpLTnpFlh51aYO1FWorJUgcFN7cH3ad/4qLYWlJKKg==",
      "requires": {
        "pex-math": "^1.0.0",
        "primitive-cube": "^2.0.0"
      },
      "dependencies": {
        "pex-math": {
          "version": "1.0.1",
          "resolved": "https://registry.npmjs.org/pex-math/-/pex-math-1.0.1.tgz",
          "integrity": "sha512-a/SBHTfMbISwXsB2998pf0VaQMS34rGGN8ItLmFf7BUEcCddQ7mNselN+LvQ3pofD369zXKj90DI3kbrEdVNkQ=="
        }
      }
    },
    "primitive-sphere": {
      "version": "3.0.0",
      "resolved": "https://registry.npmjs.org/primitive-sphere/-/primitive-sphere-3.0.0.tgz",
      "integrity": "sha512-qWdk0LMwcO45plX2Y00IRFTlEzvwXEzpLCMV2CGdO13s6iSY7wmoftOlYabBZ1Ng3/3IOcADYpLdgD7+si82+g==",
      "requires": {
        "gl-mat4": "^1.1.4",
        "gl-vec3": "^1.0.3"
      }
    },
    "primitive-torus": {
      "version": "1.0.4",
      "resolved": "https://registry.npmjs.org/primitive-torus/-/primitive-torus-1.0.4.tgz",
      "integrity": "sha512-Czk5wY78hqJHjRIY7UgAWfb7TzCFrKc/fycJ55jUszJGtFapXKm10xp7m2/LtbexfxqzuomjicnyLxfhz2Lp1A==",
      "requires": {
        "defined": "^1.0.0",
        "gl-vec3": "^1.0.3"
      }
    },
    "raf": {
      "version": "3.4.1",
      "resolved": "https://registry.npmjs.org/raf/-/raf-3.4.1.tgz",
      "integrity": "sha512-Sq4CW4QhwOHE8ucn6J34MqtZCeWFP2aQSmrlroYgqAV1PjStIhJXxYuTgUIfkEk7zTLjmIjLmU5q+fbD1NnOJA==",
      "requires": {
        "performance-now": "^2.1.0"
      }
    },
    "regexp.prototype.flags": {
      "version": "1.4.3",
      "resolved": "https://registry.npmjs.org/regexp.prototype.flags/-/regexp.prototype.flags-1.4.3.tgz",
      "integrity": "sha512-fjggEOO3slI6Wvgjwflkc4NFRCTZAu5CnNfBd5qOMYhWdn67nJBBu34/TkD++eeFmd8C9r9jfXJ27+nSiRkSUA==",
      "requires": {
        "call-bind": "^1.0.2",
        "define-properties": "^1.1.3",
        "functions-have-names": "^1.2.2"
      }
    },
    "regl": {
      "version": "1.7.0",
      "resolved": "https://registry.npmjs.org/regl/-/regl-1.7.0.tgz",
      "integrity": "sha512-bEAtp/qrtKucxXSJkD4ebopFZYP0q1+3Vb2WECWv/T8yQEgKxDxJ7ztO285tAMaYZVR6mM1GgI6CCn8FROtL1w=="
    },
    "resolve": {
      "version": "1.22.1",
      "resolved": "https://registry.npmjs.org/resolve/-/resolve-1.22.1.tgz",
      "integrity": "sha512-nBpuuYuY5jFsli/JIs1oldw6fOQCBioohqWZg/2hiaOybXOft4lonv85uDOKXdf8rhyK159cxU5cDcK/NKk8zw==",
      "requires": {
        "is-core-module": "^2.9.0",
        "path-parse": "^1.0.7",
        "supports-preserve-symlinks-flag": "^1.0.0"
      }
    },
    "resumer": {
      "version": "0.0.0",
      "resolved": "https://registry.npmjs.org/resumer/-/resumer-0.0.0.tgz",
      "integrity": "sha512-Fn9X8rX8yYF4m81rZCK/5VmrmsSbqS/i3rDLl6ZZHAXgC2nTAx3dhwG8q8odP/RmdLa2YrybDJaAMg+X1ajY3w==",
      "requires": {
        "through": "~2.3.4"
      }
    },
    "rle-core": {
      "version": "0.0.8",
      "resolved": "https://registry.npmjs.org/rle-core/-/rle-core-0.0.8.tgz",
      "integrity": "sha512-Itv4x+f/hYNRFewkMZNWskb/BkphnUV8wvgyGhaaUrdCAYc3HnFRT4jUCCjMQGsdud44qFYTtWSc7sanFtPRfg=="
    },
    "rle-extents": {
      "version": "0.0.1",
      "resolved": "https://registry.npmjs.org/rle-extents/-/rle-extents-0.0.1.tgz",
      "integrity": "sha512-K+NQ5l1x6ubICD4G1gYXwZViTut2ef4JR9YlyQ4nbjYuMMqOM61i/ZXv8B76Ga4aJpVQpXpFLLieVeSASw6DqA==",
      "requires": {
        "rle-core": "0.0.8"
      }
    },
    "rle-ndarray": {
      "version": "1.0.2",
      "resolved": "https://registry.npmjs.org/rle-ndarray/-/rle-ndarray-1.0.2.tgz",
      "integrity": "sha512-WqDXcWwnUgjAkyTS14RURgCPnT6DRutOUy3f6g+rZoGprYton7sksH3BGiHvddI7CKOEVDSr7hFfddgp/7kEVg==",
      "requires": {
        "ndarray": "~1.0.3",
        "rle-core": "~0.0.7",
        "rle-extents": "~0.0.0",
        "rle-repair": "~0.0.4"
      }
    },
    "rle-rasterize": {
      "version": "0.0.6",
      "resolved": "https://registry.npmjs.org/rle-rasterize/-/rle-rasterize-0.0.6.tgz",
      "integrity": "sha512-WLgAZCd5oTIQLOeMNQHumJ4/RvVkP+IkGeEDgnEZaov5cwtTcDaHA+wjlApxQtk+1WoY91MGyrqCxqIYhsPSCA==",
      "requires": {
        "normals": "~0.1.0",
        "rle-core": "~0.0.7",
        "rle-repair": "~0.0.4",
        "signed-distance": "~0.0.3",
        "spatial-grid": "~0.1.1"
      },
      "dependencies": {
        "normals": {
          "version": "0.1.0",
          "resolved": "https://registry.npmjs.org/normals/-/normals-0.1.0.tgz",
          "integrity": "sha512-Zq8QwC1nt/q/LN/g+gpH4y9NWO00ac25GvCoRGgRpHlVNb0XHHf0+Cp7ORU5RCJvvtEcR1/hRML+hf9v7kgv2Q=="
        }
      }
    },
    "rle-repair": {
      "version": "0.0.4",
      "resolved": "https://registry.npmjs.org/rle-repair/-/rle-repair-0.0.4.tgz",
      "integrity": "sha512-YS3m3OB4ixApYZ49W52SuPsO5Wu/p4q5xVwJu8dxkcYCpRo65a14jReTtzck8oVRGuKYCSQK2J+6wJEwBHcvGA==",
      "requires": {
        "rle-core": "~0.0",
        "rle-stencils": "~0.0"
      }
    },
    "rle-stencils": {
      "version": "0.0.4",
      "resolved": "https://registry.npmjs.org/rle-stencils/-/rle-stencils-0.0.4.tgz",
      "integrity": "sha512-kfc3xD9EirLb6S90yFfMCGjDqEHhqG6P5EZ5AUcdNTO86fjC77MxJQ8Et7nkuH9VuRs0W8S5mPjN2xJbGylcKg=="
    },
    "seedrandom": {
      "version": "2.4.4",
      "resolved": "https://registry.npmjs.org/seedrandom/-/seedrandom-2.4.4.tgz",
      "integrity": "sha512-9A+PDmgm+2du77B5i0Ip2cxOqqHjgNxnBgglxLcX78A2D6c2rTo61z4jnVABpF4cKeDMDG+cmXXvdnqse2VqMA=="
    },
    "serialize-stl": {
      "version": "1.0.2",
      "resolved": "https://registry.npmjs.org/serialize-stl/-/serialize-stl-1.0.2.tgz",
      "integrity": "sha512-eNin6X3touyznwSHRm5vdi017kauSrtQ5CVDBqUvI1/KapRWNayeHarro52JhqWMK0EC9Sx2w1CqEhCFrSslqg==",
      "requires": {
        "serialize-stl-ascii": "^1.0.1",
        "serialize-stl-binary": "^1.0.0"
      }
    },
    "serialize-stl-ascii": {
      "version": "1.0.1",
      "resolved": "https://registry.npmjs.org/serialize-stl-ascii/-/serialize-stl-ascii-1.0.1.tgz",
      "integrity": "sha512-l67UORJ3EnS6KLUMG4j6KtNFP8B9lQG+7FkEgTz+5LOc206cAw7N8nqvHdFumfF+SdEU+YBuqMHH1C2Z1bx3PQ==",
      "requires": {
        "normals": "^1.0.1"
      }
    },
    "serialize-stl-binary": {
      "version": "1.0.0",
      "resolved": "https://registry.npmjs.org/serialize-stl-binary/-/serialize-stl-binary-1.0.0.tgz",
      "integrity": "sha512-iPuVpQDGi7T9p7OkpcHDI0xrPMUotRatVsLwr4zlaEMY1516CSx95qcL24/0z5mcT+7b5iIJ1k0rGIoaaMovJg==",
      "requires": {
        "normals": "^1.0.1"
      }
    },
    "serialize-wavefront-obj": {
      "version": "1.0.0",
      "resolved": "https://registry.npmjs.org/serialize-wavefront-obj/-/serialize-wavefront-obj-1.0.0.tgz",
      "integrity": "sha512-PrhtqFB0ZL0aMbVFlQ15TGDxRronm9VRn9frsql9LkVstPjINDqwvP3xPq0azPV4g6lwMVEUvsuV5pgg8wrHBw=="
    },
    "side-channel": {
      "version": "1.0.4",
      "resolved": "https://registry.npmjs.org/side-channel/-/side-channel-1.0.4.tgz",
      "integrity": "sha512-q5XPytqFEIKHkGdiMIrY10mvLRvnQh42/+GoBlFW3b2LXLE2xxJpZFdm94we0BaoV3RwJyGqg5wS7epxTv0Zvw==",
      "requires": {
        "call-bind": "^1.0.0",
        "get-intrinsic": "^1.0.2",
        "object-inspect": "^1.9.0"
      }
    },
    "signed-distance": {
      "version": "0.0.3",
      "resolved": "https://registry.npmjs.org/signed-distance/-/signed-distance-0.0.3.tgz",
      "integrity": "sha512-PzYkckvDaXArgUW8YUNuoBrvmgrxpZr4wgGmSuvZp32dUZcK/bOwcB0r4TmXJAq5lS1YL0u/Wv9KIDDy5L2gsg==",
      "requires": {
        "numeric": "~1.2.6"
      }
    },
    "simplex-noise": {
      "version": "2.1.1",
      "resolved": "https://registry.npmjs.org/simplex-noise/-/simplex-noise-2.1.1.tgz",
      "integrity": "sha512-XxSVlkKRxTVRTbf+PWLMUALC2cjXQSRTuxztHBQpLlN39gnTeqPEtxiPfISQ8rj0PpHx6vEXrtuRl/GYqZrmDA=="
    },
    "snowden": {
      "version": "1.0.1",
      "resolved": "https://registry.npmjs.org/snowden/-/snowden-1.0.1.tgz",
      "integrity": "sha512-s0gBlFejmLuu02hZQLVMLg8jzpQ2Uv3ysMO7LoJN6gs0VWfenYvs49VCIg9QJ2R/6GUrXammfsBTK4I7gNL0SQ==",
      "requires": {
        "parse-obj": "0.0.0"
      }
    },
    "space-colonization": {
      "version": "0.2.0",
      "resolved": "https://registry.npmjs.org/space-colonization/-/space-colonization-0.2.0.tgz",
      "integrity": "sha512-6NviAlv5Slc7NljsWvGjVr8w9QWY4VlZxFsp0GP8ZhhXihU91FRP/iPBkXUv9FFO5PviNV7sHfsnIQmWmLXnkQ==",
      "requires": {
        "pex-math": "^1.0.1"
      },
      "dependencies": {
        "pex-math": {
          "version": "1.0.1",
          "resolved": "https://registry.npmjs.org/pex-math/-/pex-math-1.0.1.tgz",
          "integrity": "sha512-a/SBHTfMbISwXsB2998pf0VaQMS34rGGN8ItLmFf7BUEcCddQ7mNselN+LvQ3pofD369zXKj90DI3kbrEdVNkQ=="
        }
      }
    },
    "spatial-grid": {
      "version": "0.1.1",
      "resolved": "https://registry.npmjs.org/spatial-grid/-/spatial-grid-0.1.1.tgz",
      "integrity": "sha512-F5vDfK+M0ZblDE4h0QsRyZylK7Eu+qkEbvc8wqD0w9bgNv/3FMKNVE7elv3y3tQUlN7s/mBAUI6f3YG2ROKZWg==",
      "requires": {
        "bit-twiddle": "~0.0.1",
        "numeric": "~1.2.6",
        "polytope-closest-point": "~0.0"
      }
    },
    "split": {
      "version": "0.2.10",
      "resolved": "https://registry.npmjs.org/split/-/split-0.2.10.tgz",
      "integrity": "sha512-e0pKq+UUH2Xq/sXbYpZBZc3BawsfDZ7dgv+JtRTUPNcvF5CMR4Y9cvJqkMY0MoxWzTHvZuz1beg6pNEKlszPiQ==",
      "requires": {
        "through": "2"
      }
    },
    "string.prototype.trim": {
      "version": "1.2.6",
      "resolved": "https://registry.npmjs.org/string.prototype.trim/-/string.prototype.trim-1.2.6.tgz",
      "integrity": "sha512-8lMR2m+U0VJTPp6JjvJTtGyc4FIGq9CdRt7O9p6T0e6K4vjU+OP+SQJpbe/SBmRcCUIvNUnjsbmY6lnMp8MhsQ==",
      "requires": {
        "call-bind": "^1.0.2",
        "define-properties": "^1.1.4",
        "es-abstract": "^1.19.5"
      }
    },
    "string.prototype.trimend": {
      "version": "1.0.5",
      "resolved": "https://registry.npmjs.org/string.prototype.trimend/-/string.prototype.trimend-1.0.5.tgz",
      "integrity": "sha512-I7RGvmjV4pJ7O3kdf+LXFpVfdNOxtCW/2C8f6jNiW4+PQchwxkCDzlk1/7p+Wl4bqFIZeF47qAHXLuHHWKAxog==",
      "requires": {
        "call-bind": "^1.0.2",
        "define-properties": "^1.1.4",
        "es-abstract": "^1.19.5"
      }
    },
    "string.prototype.trimstart": {
      "version": "1.0.5",
      "resolved": "https://registry.npmjs.org/string.prototype.trimstart/-/string.prototype.trimstart-1.0.5.tgz",
      "integrity": "sha512-THx16TJCGlsN0o6dl2o6ncWUsdgnLRSA23rRE5pyGBw/mLr3Ej/R2LaqCtgP8VNMGZsvMWnf9ooZPyY2bHvUFg==",
      "requires": {
        "call-bind": "^1.0.2",
        "define-properties": "^1.1.4",
        "es-abstract": "^1.19.5"
      }
    },
    "supports-preserve-symlinks-flag": {
      "version": "1.0.0",
      "resolved": "https://registry.npmjs.org/supports-preserve-symlinks-flag/-/supports-preserve-symlinks-flag-1.0.0.tgz",
      "integrity": "sha512-ot0WnXS9fgdkgIcePe6RHNk1WA8+muPa6cSjeR3V8K27q9BB1rTE3R1p7Hv0z1ZyAc8s6Vvv8DIyWf681MAt0w=="
    },
    "tape": {
      "version": "4.16.0",
      "resolved": "https://registry.npmjs.org/tape/-/tape-4.16.0.tgz",
      "integrity": "sha512-mBlqYFr2mHysgCFXAuSarIQ+ffhielpb7a5/IbeOhMaLnQYhkJLUm6CwO1RszWeHRxnIpMessZ3xL2Cfo94BWw==",
      "requires": {
        "call-bind": "~1.0.2",
        "deep-equal": "~1.1.1",
        "defined": "~1.0.0",
        "dotignore": "~0.1.2",
        "for-each": "~0.3.3",
        "glob": "~7.2.3",
        "has": "~1.0.3",
        "inherits": "~2.0.4",
        "is-regex": "~1.1.4",
        "minimist": "~1.2.6",
        "object-inspect": "~1.12.2",
        "resolve": "~1.22.1",
        "resumer": "~0.0.0",
        "string.prototype.trim": "~1.2.6",
        "through": "~2.3.8"
      }
    },
    "through": {
      "version": "2.3.8",
      "resolved": "https://registry.npmjs.org/through/-/through-2.3.8.tgz",
      "integrity": "sha512-w89qg7PI8wAdvX60bMDP+bFoD5Dvhm9oLheFp5O4a2QF0cSBGsBX4qZmadPMvVqlLJBBci+WqGGOAPvcDeNSVg=="
    },
    "unbox-primitive": {
      "version": "1.0.2",
      "resolved": "https://registry.npmjs.org/unbox-primitive/-/unbox-primitive-1.0.2.tgz",
      "integrity": "sha512-61pPlCD9h51VoreyJ0BReideM3MDKMKnh6+V9L08331ipq6Q8OFXZYiqP6n/tbHx4s5I9uRhcye6BrbkizkBDw==",
      "requires": {
        "call-bind": "^1.0.2",
        "has-bigints": "^1.0.2",
        "has-symbols": "^1.0.3",
        "which-boxed-primitive": "^1.0.2"
      }
    },
    "vectors": {
      "version": "0.1.0",
      "resolved": "https://registry.npmjs.org/vectors/-/vectors-0.1.0.tgz",
      "integrity": "sha512-M+SJegggr8k43NppOL2WgIWZiJ+cFu6Ftc/Cv84yp1N5QepIh3kQx+snGKk/jcSbMtYoWLed1R1A2SKJqZEgsw=="
    },
    "vertices-bounding-box": {
      "version": "1.0.0",
      "resolved": "https://registry.npmjs.org/vertices-bounding-box/-/vertices-bounding-box-1.0.0.tgz",
      "integrity": "sha512-6+Mhu35VVxZZemK758oE75uz2f08zw6/xnkry3ROacjhD7YP2KO/5prMTkInmz7wnxWSVUxyCQq8YcrctEwYLg=="
    },
    "voxelize": {
      "version": "1.0.0",
      "resolved": "https://registry.npmjs.org/voxelize/-/voxelize-1.0.0.tgz",
      "integrity": "sha512-tuGm+CA7RM5q9V6ylmCFCLX3D5UbuueV+HJxUNGsNYMbTCdH+JH6nNAe0E++hN+y9BY7SZlMzlj0W1n2a6E+VQ==",
      "requires": {
        "rle-ndarray": "~1.0.0",
        "rle-rasterize": "~0.0.6"
      }
    },
    "which-boxed-primitive": {
      "version": "1.0.2",
      "resolved": "https://registry.npmjs.org/which-boxed-primitive/-/which-boxed-primitive-1.0.2.tgz",
      "integrity": "sha512-bwZdv0AKLpplFY2KZRX6TvyuN7ojjr7lwkg6ml0roIy9YeuSr7JS372qlNW18UQYzgYK9ziGcerWqZOmEn9VNg==",
      "requires": {
        "is-bigint": "^1.0.1",
        "is-boolean-object": "^1.1.0",
        "is-number-object": "^1.0.4",
        "is-string": "^1.0.5",
        "is-symbol": "^1.0.3"
      }
    },
    "wrappy": {
      "version": "1.0.2",
      "resolved": "https://registry.npmjs.org/wrappy/-/wrappy-1.0.2.tgz",
      "integrity": "sha512-l4Sp/DRseor9wL6EvV2+TuQn63dMkPjZ/sp9XkghTEbV9KlPS1xUsZ3u7/IQO4wxtcFB4bgpQPRcR3QCvezPcQ=="
    },
    "xyz-to-latlon": {
      "version": "1.0.2",
      "resolved": "https://registry.npmjs.org/xyz-to-latlon/-/xyz-to-latlon-1.0.2.tgz",
      "integrity": "sha512-iTQe5HIzAE0r2L2u2abs17s/SekCCUAlIHzYnHHo10aR0B1iKRSGye33z7a52IMJoUUMTpPwNUTNIy+OhZVRIg=="
    }
  }
}
