{
  "name": "my-first-project",
  "requires": true,
  "lockfileVersion": 1,
  "dependencies": {
    "canvas-screenshot": {
      "version": "4.1.0",
      "resolved": "https://registry.npmjs.org/canvas-screenshot/-/canvas-screenshot-4.1.0.tgz",
      "integrity": "sha512-Ex5m3nljIQIa03hsu5i9uhf2L02v4zHueOmChcPWImU7rG5f7+7NZim0hd7vCd3I8FQZL7WZSXrZk5xHHIXLSA==",
      "requires": {
        "file-extension": "^4.0.5"
      }
    },
    "file-extension": {
      "version": "4.0.5",
      "resolved": "https://registry.npmjs.org/file-extension/-/file-extension-4.0.5.tgz",
      "integrity": "sha512-l0rOL3aKkoi6ea7MNZe6OHgqYYpn48Qfflr8Pe9G9JPPTx5A+sfboK91ZufzIs59/lPqh351l0eb6iKU9J5oGg=="
    },
    "lerp": {
      "version": "1.0.3",
      "resolved": "https://registry.npmjs.org/lerp/-/lerp-1.0.3.tgz",
      "integrity": "sha512-70Rh4rCkJDvwWiTsyZ1HmJGvnyfFah4m6iTux29XmasRiZPDBpT9Cfa4ai73+uLZxnlKruUS62jj2lb11wURiA=="
    },
    "pex-color": {
      "version": "1.1.1",
      "resolved": "https://registry.npmjs.org/pex-color/-/pex-color-1.1.1.tgz",
      "integrity": "sha512-xvqJ/XNL3GjuXP8mAfwatqDrdfHJWa9OgKJG8uD3eZEG1ZkIEV6Hz0GQMIU1gw2YRnek5IojIiYyCBYoxE2TXg==",
      "requires": {
        "lerp": "^1.0.3"
      }
    },
    "pex-random": {
      "version": "1.0.1",
      "resolved": "https://registry.npmjs.org/pex-random/-/pex-random-1.0.1.tgz",
      "integrity": "sha512-+Tx279ya6fMdVlLCR286YJ3KKU8a6E2+Pt40JnuMtwuh7SldLMo382OSgOF7UtYsdp46TMDETxoq0xdWZyWrNg==",
      "requires": {
        "seedrandom": "^2.3.10",
        "simplex-noise": "2.1.1"
      }
    },
    "seedrandom": {
      "version": "2.4.4",
      "resolved": "https://registry.npmjs.org/seedrandom/-/seedrandom-2.4.4.tgz",
      "integrity": "sha512-9A+PDmgm+2du77B5i0Ip2cxOqqHjgNxnBgglxLcX78A2D6c2rTo61z4jnVABpF4cKeDMDG+cmXXvdnqse2VqMA=="
    },
    "simplex-noise": {
      "version": "2.1.1",
      "resolved": "https://registry.npmjs.org/simplex-noise/-/simplex-noise-2.1.1.tgz",
      "integrity": "sha512-XxSVlkKRxTVRTbf+PWLMUALC2cjXQSRTuxztHBQpLlN39gnTeqPEtxiPfISQ8rj0PpHx6vEXrtuRl/GYqZrmDA=="
    }
  }
}
